
Microsoft Visual Studio Solution File, Format Version 12.00
# Visual Studio Version 16
VisualStudioVersion = 16.0.31727.386
MinimumVisualStudioVersion = 10.0.40219.1
Project("{FAE04EC0-301F-11D3-BF4B-00C04F79EFBC}") = "To-DoWebApp", "To-DoWebApp\To-DoWebApp.csproj", "{2505D0A7-A7B7-457D-B89A-2962258805E3}"
EndProject
Global
	GlobalSection(SolutionConfigurationPlatforms) = preSolution
		Debug|Any CPU = Debug|Any CPU
		Release|Any CPU = Release|Any CPU
	EndGlobalSection
	GlobalSection(ProjectConfigurationPlatforms) = postSolution
		{2505D0A7-A7B7-457D-B89A-2962258805E3}.Debug|Any CPU.ActiveCfg = Debug|Any CPU
		{2505D0A7-A7B7-457D-B89A-2962258805E3}.Debug|Any CPU.Build.0 = Debug|Any CPU
		{2505D0A7-A7B7-457D-B89A-2962258805E3}.Release|Any CPU.ActiveCfg = Release|Any CPU
		{2505D0A7-A7B7-457D-B89A-2962258805E3}.Release|Any CPU.Build.0 = Release|Any CPU
	EndGlobalSection
	GlobalSection(SolutionProperties) = preSolution
		HideSolutionNode = FALSE
	EndGlobalSection
	GlobalSection(ExtensibilityGlobals) = postSolution
		SolutionGuid = {2B7FEEDF-8A85-4958-B75E-0DA3831A2CB7}
	EndGlobalSection
EndGlobal
